
Microsoft Visual Studio Solution File, Format Version 12.00
Project("{FAE04EC0-301F-11D3-BF4B-00C04F79EFBC}") = "PlatformService", "PlatformService\PlatformService.csproj", "{B093B6E2-0A04-4F9B-8599-FD369761CEAC}"
EndProject
Project("{FAE04EC0-301F-11D3-BF4B-00C04F79EFBC}") = "CommandService", "CommandService\CommandService.csproj", "{83110BB0-FA92-4BBD-B7C1-5A6F7DBBEE61}"
EndProject
Global
	GlobalSection(SolutionConfigurationPlatforms) = preSolution
		Debug|Any CPU = Debug|Any CPU
		Release|Any CPU = Release|Any CPU
	EndGlobalSection
	GlobalSection(ProjectConfigurationPlatforms) = postSolution
		{B093B6E2-0A04-4F9B-8599-FD369761CEAC}.Debug|Any CPU.ActiveCfg = Debug|Any CPU
		{B093B6E2-0A04-4F9B-8599-FD369761CEAC}.Debug|Any CPU.Build.0 = Debug|Any CPU
		{B093B6E2-0A04-4F9B-8599-FD369761CEAC}.Release|Any CPU.ActiveCfg = Release|Any CPU
		{B093B6E2-0A04-4F9B-8599-FD369761CEAC}.Release|Any CPU.Build.0 = Release|Any CPU
		{83110BB0-FA92-4BBD-B7C1-5A6F7DBBEE61}.Debug|Any CPU.ActiveCfg = Debug|Any CPU
		{83110BB0-FA92-4BBD-B7C1-5A6F7DBBEE61}.Debug|Any CPU.Build.0 = Debug|Any CPU
		{83110BB0-FA92-4BBD-B7C1-5A6F7DBBEE61}.Release|Any CPU.ActiveCfg = Release|Any CPU
		{83110BB0-FA92-4BBD-B7C1-5A6F7DBBEE61}.Release|Any CPU.Build.0 = Release|Any CPU
	EndGlobalSection
EndGlobal
